
Microsoft Visual Studio Solution File, Format Version 12.00
# Visual Studio 14
VisualStudioVersion = 14.0.24720.0
MinimumVisualStudioVersion = 10.0.40219.1
Project("{FAE04EC0-301F-11D3-BF4B-00C04F79EFBC}") = "JudoPayDotNet", "JudoPayDotNet\JudoPayDotNet.csproj", "{365D3FE1-5AA7-4C99-8AEF-0D780C28E842}"
EndProject
Project("{FAE04EC0-301F-11D3-BF4B-00C04F79EFBC}") = "JudoPayDotNetTests", "JudoPayDotNetTests\JudoPayDotNetTests.csproj", "{835A54D3-2C86-4766-8CEC-6C4EEE9304C7}"
EndProject
Project("{FAE04EC0-301F-11D3-BF4B-00C04F79EFBC}") = "JudoPayDotNetDotNet", "JudoPayDotNetDotNet\JudoPayDotNetDotNet.csproj", "{E98FD387-5142-42AB-A17C-03FF52A2161E}"
EndProject
Project("{FAE04EC0-301F-11D3-BF4B-00C04F79EFBC}") = "JudoPayDotNetIntegrationTests", "JudoPayDotNetIntegrationTests\JudoPayDotNetIntegrationTests.csproj", "{D6F57848-85CD-44D1-A4AC-6C0E0E918061}"
EndProject
Project("{2150E333-8FDC-42A3-9474-1A3956D46DE8}") = "Solution Items", "Solution Items", "{2A613CE0-F2B7-4F7C-85BA-4395C0725DA4}"
	ProjectSection(SolutionItems) = preProject
		CHANGELOG.md = CHANGELOG.md
		Readme.md = Readme.md
	EndProjectSection
EndProject
Global
	GlobalSection(SolutionConfigurationPlatforms) = preSolution
		Debug|Any CPU = Debug|Any CPU
		Debug|ARM = Debug|ARM
		Debug|x86 = Debug|x86
		Release|Any CPU = Release|Any CPU
		Release|ARM = Release|ARM
		Release|x86 = Release|x86
	EndGlobalSection
	GlobalSection(ProjectConfigurationPlatforms) = postSolution
		{365D3FE1-5AA7-4C99-8AEF-0D780C28E842}.Debug|Any CPU.ActiveCfg = Debug|Any CPU
		{365D3FE1-5AA7-4C99-8AEF-0D780C28E842}.Debug|Any CPU.Build.0 = Debug|Any CPU
		{365D3FE1-5AA7-4C99-8AEF-0D780C28E842}.Debug|ARM.ActiveCfg = Debug|Any CPU
		{365D3FE1-5AA7-4C99-8AEF-0D780C28E842}.Debug|x86.ActiveCfg = Debug|Any CPU
		{365D3FE1-5AA7-4C99-8AEF-0D780C28E842}.Release|Any CPU.ActiveCfg = Release|Any CPU
		{365D3FE1-5AA7-4C99-8AEF-0D780C28E842}.Release|Any CPU.Build.0 = Release|Any CPU
		{365D3FE1-5AA7-4C99-8AEF-0D780C28E842}.Release|ARM.ActiveCfg = Release|Any CPU
		{365D3FE1-5AA7-4C99-8AEF-0D780C28E842}.Release|x86.ActiveCfg = Release|Any CPU
		{835A54D3-2C86-4766-8CEC-6C4EEE9304C7}.Debug|Any CPU.ActiveCfg = Debug|Any CPU
		{835A54D3-2C86-4766-8CEC-6C4EEE9304C7}.Debug|Any CPU.Build.0 = Debug|Any CPU
		{835A54D3-2C86-4766-8CEC-6C4EEE9304C7}.Debug|ARM.ActiveCfg = Debug|Any CPU
		{835A54D3-2C86-4766-8CEC-6C4EEE9304C7}.Debug|x86.ActiveCfg = Debug|Any CPU
		{835A54D3-2C86-4766-8CEC-6C4EEE9304C7}.Release|Any CPU.ActiveCfg = Release|Any CPU
		{835A54D3-2C86-4766-8CEC-6C4EEE9304C7}.Release|Any CPU.Build.0 = Release|Any CPU
		{835A54D3-2C86-4766-8CEC-6C4EEE9304C7}.Release|ARM.ActiveCfg = Release|Any CPU
		{835A54D3-2C86-4766-8CEC-6C4EEE9304C7}.Release|x86.ActiveCfg = Release|Any CPU
		{E98FD387-5142-42AB-A17C-03FF52A2161E}.Debug|Any CPU.ActiveCfg = Debug|Any CPU
		{E98FD387-5142-42AB-A17C-03FF52A2161E}.Debug|Any CPU.Build.0 = Debug|Any CPU
		{E98FD387-5142-42AB-A17C-03FF52A2161E}.Debug|ARM.ActiveCfg = Debug|Any CPU
		{E98FD387-5142-42AB-A17C-03FF52A2161E}.Debug|x86.ActiveCfg = Debug|Any CPU
		{E98FD387-5142-42AB-A17C-03FF52A2161E}.Release|Any CPU.ActiveCfg = Release|Any CPU
		{E98FD387-5142-42AB-A17C-03FF52A2161E}.Release|Any CPU.Build.0 = Release|Any CPU
		{E98FD387-5142-42AB-A17C-03FF52A2161E}.Release|ARM.ActiveCfg = Release|Any CPU
		{E98FD387-5142-42AB-A17C-03FF52A2161E}.Release|x86.ActiveCfg = Release|Any CPU
		{D6F57848-85CD-44D1-A4AC-6C0E0E918061}.Debug|Any CPU.ActiveCfg = Debug|Any CPU
		{D6F57848-85CD-44D1-A4AC-6C0E0E918061}.Debug|Any CPU.Build.0 = Debug|Any CPU
		{D6F57848-85CD-44D1-A4AC-6C0E0E918061}.Debug|ARM.ActiveCfg = Debug|Any CPU
		{D6F57848-85CD-44D1-A4AC-6C0E0E918061}.Debug|x86.ActiveCfg = Debug|Any CPU
		{D6F57848-85CD-44D1-A4AC-6C0E0E918061}.Release|Any CPU.ActiveCfg = Release|Any CPU
		{D6F57848-85CD-44D1-A4AC-6C0E0E918061}.Release|Any CPU.Build.0 = Release|Any CPU
		{D6F57848-85CD-44D1-A4AC-6C0E0E918061}.Release|ARM.ActiveCfg = Release|Any CPU
		{D6F57848-85CD-44D1-A4AC-6C0E0E918061}.Release|x86.ActiveCfg = Release|Any CPU
	EndGlobalSection
	GlobalSection(SolutionProperties) = preSolution
		HideSolutionNode = FALSE
	EndGlobalSection
	GlobalSection(MonoDevelopProperties) = preSolution
		StartupItem = AndroidDotNetSDK\AndroidDotNetSDK.csproj
	EndGlobalSection
EndGlobal
