
Microsoft Visual Studio Solution File, Format Version 12.00
# Visual Studio 2013
VisualStudioVersion = 12.0.21005.1
MinimumVisualStudioVersion = 10.0.40219.1
Project("{FAE04EC0-301F-11D3-BF4B-00C04F79EFBC}") = "JudoPayDotNet", "JudoPayDotNet\JudoPayDotNet.csproj", "{365D3FE1-5AA7-4C99-8AEF-0D780C28E842}"
EndProject
Project("{FAE04EC0-301F-11D3-BF4B-00C04F79EFBC}") = "JudoPayDotNetTests", "JudoPayDotNetTests\JudoPayDotNetTests.csproj", "{835A54D3-2C86-4766-8CEC-6C4EEE9304C7}"
EndProject
Project("{FAE04EC0-301F-11D3-BF4B-00C04F79EFBC}") = "AndroidDotNetSDK", "AndroidDotNetSDK\AndroidDotNetSDK.csproj", "{B7C3331A-CD83-49D8-8B5A-74A6B1E84B38}"
EndProject
Project("{FAE04EC0-301F-11D3-BF4B-00C04F79EFBC}") = "JudoPayDotNetAndroid", "JudoPayDotNetAndroid\JudoPayDotNetAndroid.csproj", "{2916C520-5318-46A5-92F5-F8E17F10929A}"
EndProject
Project("{FAE04EC0-301F-11D3-BF4B-00C04F79EFBC}") = "JudoPayDotNetDotNet", "JudoPayDotNetDotNet\JudoPayDotNetDotNet.csproj", "{E98FD387-5142-42AB-A17C-03FF52A2161E}"
EndProject
Project("{FAE04EC0-301F-11D3-BF4B-00C04F79EFBC}") = "WindowsPhoneDotNetSDK", "WindowsPhoneDotNetSDK\WindowsPhoneDotNetSDK.csproj", "{E433EA46-082E-4932-9CE9-C974B4827D4E}"
EndProject
Project("{FAE04EC0-301F-11D3-BF4B-00C04F79EFBC}") = "JudoPayDotNetWindowsPhone", "JudoPayDotNetWindowsPhone\JudoPayDotNetWindowsPhone.csproj", "{45EBC850-2F14-48F1-A688-4F0C173E45AD}"
EndProject
Global
	GlobalSection(SolutionConfigurationPlatforms) = preSolution
		Debug|Any CPU = Debug|Any CPU
		Debug|ARM = Debug|ARM
		Debug|x86 = Debug|x86
		Release|Any CPU = Release|Any CPU
		Release|ARM = Release|ARM
		Release|x86 = Release|x86
	EndGlobalSection
	GlobalSection(ProjectConfigurationPlatforms) = postSolution
		{365D3FE1-5AA7-4C99-8AEF-0D780C28E842}.Debug|Any CPU.ActiveCfg = Debug|Any CPU
		{365D3FE1-5AA7-4C99-8AEF-0D780C28E842}.Debug|Any CPU.Build.0 = Debug|Any CPU
		{365D3FE1-5AA7-4C99-8AEF-0D780C28E842}.Debug|ARM.ActiveCfg = Debug|Any CPU
		{365D3FE1-5AA7-4C99-8AEF-0D780C28E842}.Debug|x86.ActiveCfg = Debug|Any CPU
		{365D3FE1-5AA7-4C99-8AEF-0D780C28E842}.Release|Any CPU.ActiveCfg = Release|Any CPU
		{365D3FE1-5AA7-4C99-8AEF-0D780C28E842}.Release|Any CPU.Build.0 = Release|Any CPU
		{365D3FE1-5AA7-4C99-8AEF-0D780C28E842}.Release|ARM.ActiveCfg = Release|Any CPU
		{365D3FE1-5AA7-4C99-8AEF-0D780C28E842}.Release|x86.ActiveCfg = Release|Any CPU
		{835A54D3-2C86-4766-8CEC-6C4EEE9304C7}.Debug|Any CPU.ActiveCfg = Debug|Any CPU
		{835A54D3-2C86-4766-8CEC-6C4EEE9304C7}.Debug|Any CPU.Build.0 = Debug|Any CPU
		{835A54D3-2C86-4766-8CEC-6C4EEE9304C7}.Debug|ARM.ActiveCfg = Debug|Any CPU
		{835A54D3-2C86-4766-8CEC-6C4EEE9304C7}.Debug|x86.ActiveCfg = Debug|Any CPU
		{835A54D3-2C86-4766-8CEC-6C4EEE9304C7}.Release|Any CPU.ActiveCfg = Release|Any CPU
		{835A54D3-2C86-4766-8CEC-6C4EEE9304C7}.Release|Any CPU.Build.0 = Release|Any CPU
		{835A54D3-2C86-4766-8CEC-6C4EEE9304C7}.Release|ARM.ActiveCfg = Release|Any CPU
		{835A54D3-2C86-4766-8CEC-6C4EEE9304C7}.Release|x86.ActiveCfg = Release|Any CPU
		{B7C3331A-CD83-49D8-8B5A-74A6B1E84B38}.Debug|Any CPU.ActiveCfg = Debug|Any CPU
		{B7C3331A-CD83-49D8-8B5A-74A6B1E84B38}.Debug|Any CPU.Build.0 = Debug|Any CPU
		{B7C3331A-CD83-49D8-8B5A-74A6B1E84B38}.Debug|ARM.ActiveCfg = Debug|Any CPU
		{B7C3331A-CD83-49D8-8B5A-74A6B1E84B38}.Debug|x86.ActiveCfg = Debug|Any CPU
		{B7C3331A-CD83-49D8-8B5A-74A6B1E84B38}.Release|Any CPU.ActiveCfg = Release|Any CPU
		{B7C3331A-CD83-49D8-8B5A-74A6B1E84B38}.Release|Any CPU.Build.0 = Release|Any CPU
		{B7C3331A-CD83-49D8-8B5A-74A6B1E84B38}.Release|ARM.ActiveCfg = Release|Any CPU
		{B7C3331A-CD83-49D8-8B5A-74A6B1E84B38}.Release|x86.ActiveCfg = Release|Any CPU
		{2916C520-5318-46A5-92F5-F8E17F10929A}.Debug|Any CPU.ActiveCfg = Debug|Any CPU
		{2916C520-5318-46A5-92F5-F8E17F10929A}.Debug|Any CPU.Build.0 = Debug|Any CPU
		{2916C520-5318-46A5-92F5-F8E17F10929A}.Debug|ARM.ActiveCfg = Debug|Any CPU
		{2916C520-5318-46A5-92F5-F8E17F10929A}.Debug|x86.ActiveCfg = Debug|Any CPU
		{2916C520-5318-46A5-92F5-F8E17F10929A}.Release|Any CPU.ActiveCfg = Release|Any CPU
		{2916C520-5318-46A5-92F5-F8E17F10929A}.Release|Any CPU.Build.0 = Release|Any CPU
		{2916C520-5318-46A5-92F5-F8E17F10929A}.Release|ARM.ActiveCfg = Release|Any CPU
		{2916C520-5318-46A5-92F5-F8E17F10929A}.Release|x86.ActiveCfg = Release|Any CPU
		{E98FD387-5142-42AB-A17C-03FF52A2161E}.Debug|Any CPU.ActiveCfg = Debug|Any CPU
		{E98FD387-5142-42AB-A17C-03FF52A2161E}.Debug|Any CPU.Build.0 = Debug|Any CPU
		{E98FD387-5142-42AB-A17C-03FF52A2161E}.Debug|ARM.ActiveCfg = Debug|Any CPU
		{E98FD387-5142-42AB-A17C-03FF52A2161E}.Debug|x86.ActiveCfg = Debug|Any CPU
		{E98FD387-5142-42AB-A17C-03FF52A2161E}.Release|Any CPU.ActiveCfg = Release|Any CPU
		{E98FD387-5142-42AB-A17C-03FF52A2161E}.Release|Any CPU.Build.0 = Release|Any CPU
		{E98FD387-5142-42AB-A17C-03FF52A2161E}.Release|ARM.ActiveCfg = Release|Any CPU
		{E98FD387-5142-42AB-A17C-03FF52A2161E}.Release|x86.ActiveCfg = Release|Any CPU
		{E433EA46-082E-4932-9CE9-C974B4827D4E}.Debug|Any CPU.ActiveCfg = Debug|Any CPU
		{E433EA46-082E-4932-9CE9-C974B4827D4E}.Debug|Any CPU.Build.0 = Debug|Any CPU
		{E433EA46-082E-4932-9CE9-C974B4827D4E}.Debug|Any CPU.Deploy.0 = Debug|Any CPU
		{E433EA46-082E-4932-9CE9-C974B4827D4E}.Debug|ARM.ActiveCfg = Debug|ARM
		{E433EA46-082E-4932-9CE9-C974B4827D4E}.Debug|ARM.Build.0 = Debug|ARM
		{E433EA46-082E-4932-9CE9-C974B4827D4E}.Debug|ARM.Deploy.0 = Debug|ARM
		{E433EA46-082E-4932-9CE9-C974B4827D4E}.Debug|x86.ActiveCfg = Debug|x86
		{E433EA46-082E-4932-9CE9-C974B4827D4E}.Debug|x86.Build.0 = Debug|x86
		{E433EA46-082E-4932-9CE9-C974B4827D4E}.Debug|x86.Deploy.0 = Debug|x86
		{E433EA46-082E-4932-9CE9-C974B4827D4E}.Release|Any CPU.ActiveCfg = Release|Any CPU
		{E433EA46-082E-4932-9CE9-C974B4827D4E}.Release|Any CPU.Build.0 = Release|Any CPU
		{E433EA46-082E-4932-9CE9-C974B4827D4E}.Release|Any CPU.Deploy.0 = Release|Any CPU
		{E433EA46-082E-4932-9CE9-C974B4827D4E}.Release|ARM.ActiveCfg = Release|ARM
		{E433EA46-082E-4932-9CE9-C974B4827D4E}.Release|ARM.Build.0 = Release|ARM
		{E433EA46-082E-4932-9CE9-C974B4827D4E}.Release|ARM.Deploy.0 = Release|ARM
		{E433EA46-082E-4932-9CE9-C974B4827D4E}.Release|x86.ActiveCfg = Release|x86
		{E433EA46-082E-4932-9CE9-C974B4827D4E}.Release|x86.Build.0 = Release|x86
		{E433EA46-082E-4932-9CE9-C974B4827D4E}.Release|x86.Deploy.0 = Release|x86
		{45EBC850-2F14-48F1-A688-4F0C173E45AD}.Debug|Any CPU.ActiveCfg = Debug|Any CPU
		{45EBC850-2F14-48F1-A688-4F0C173E45AD}.Debug|Any CPU.Build.0 = Debug|Any CPU
		{45EBC850-2F14-48F1-A688-4F0C173E45AD}.Debug|ARM.ActiveCfg = Debug|ARM
		{45EBC850-2F14-48F1-A688-4F0C173E45AD}.Debug|ARM.Build.0 = Debug|ARM
		{45EBC850-2F14-48F1-A688-4F0C173E45AD}.Debug|x86.ActiveCfg = Debug|x86
		{45EBC850-2F14-48F1-A688-4F0C173E45AD}.Debug|x86.Build.0 = Debug|x86
		{45EBC850-2F14-48F1-A688-4F0C173E45AD}.Release|Any CPU.ActiveCfg = Release|Any CPU
		{45EBC850-2F14-48F1-A688-4F0C173E45AD}.Release|Any CPU.Build.0 = Release|Any CPU
		{45EBC850-2F14-48F1-A688-4F0C173E45AD}.Release|ARM.ActiveCfg = Release|ARM
		{45EBC850-2F14-48F1-A688-4F0C173E45AD}.Release|ARM.Build.0 = Release|ARM
		{45EBC850-2F14-48F1-A688-4F0C173E45AD}.Release|x86.ActiveCfg = Release|x86
		{45EBC850-2F14-48F1-A688-4F0C173E45AD}.Release|x86.Build.0 = Release|x86
	EndGlobalSection
	GlobalSection(SolutionProperties) = preSolution
		HideSolutionNode = FALSE
	EndGlobalSection
	GlobalSection(MonoDevelopProperties) = preSolution
		StartupItem = AndroidDotNetSDK\AndroidDotNetSDK.csproj
	EndGlobalSection
EndGlobal
