
Microsoft Visual Studio Solution File, Format Version 12.00
# Visual Studio Version 17
VisualStudioVersion = 17.4.33122.133
MinimumVisualStudioVersion = 10.0.40219.1
Project("{9A19103F-16F7-4668-BE54-9A1E7A4F7556}") = "JudoPayDotNet", "JudoPayDotNet\JudoPayDotNet.csproj", "{365D3FE1-5AA7-4C99-8AEF-0D780C28E842}"
EndProject
Project("{9A19103F-16F7-4668-BE54-9A1E7A4F7556}") = "JudoPayDotNetTests", "JudoPayDotNetTests\JudoPayDotNetTests.csproj", "{835A54D3-2C86-4766-8CEC-6C4EEE9304C7}"
EndProject
Project("{9A19103F-16F7-4668-BE54-9A1E7A4F7556}") = "JudoPayDotNetIntegrationTests", "JudoPayDotNetIntegrationTests\JudoPayDotNetIntegrationTests.csproj", "{D6F57848-85CD-44D1-A4AC-6C0E0E918061}"
EndProject
Project("{2150E333-8FDC-42A3-9474-1A3956D46DE8}") = "SolutionItems", "SolutionItems", "{D7ADBA82-2B45-4BDF-8725-63A9ABF7A9E9}"
	ProjectSection(SolutionItems) = preProject
		CHANGELOG.md = CHANGELOG.md
		.circleci\config.yml = .circleci\config.yml
		Deploy.md = Deploy.md
		Readme.md = Readme.md
	EndProjectSection
EndProject
Project("{FAE04EC0-301F-11D3-BF4B-00C04F79EFBC}") = "JudoPayDotNetFrameworkSampleApp", "JudoPayDotNetFrameworkSampleApp\JudoPayDotNetFrameworkSampleApp.csproj", "{69122E3D-120B-43CD-A710-5091792CF323}"
EndProject
Project("{9A19103F-16F7-4668-BE54-9A1E7A4F7556}") = "JudoPayDotNetCoreSampleApp", "JudoPayDotNetCoreSampleApp\JudoPayDotNetCoreSampleApp.csproj", "{35B18FBE-06BB-413F-B3A8-23635AE0929F}"
EndProject
Global
	GlobalSection(SolutionConfigurationPlatforms) = preSolution
		Debug|Any CPU = Debug|Any CPU
		Debug|ARM = Debug|ARM
		Debug|x86 = Debug|x86
		Release|Any CPU = Release|Any CPU
		Release|ARM = Release|ARM
		Release|x86 = Release|x86
	EndGlobalSection
	GlobalSection(ProjectConfigurationPlatforms) = postSolution
		{365D3FE1-5AA7-4C99-8AEF-0D780C28E842}.Debug|Any CPU.ActiveCfg = Debug|Any CPU
		{365D3FE1-5AA7-4C99-8AEF-0D780C28E842}.Debug|Any CPU.Build.0 = Debug|Any CPU
		{365D3FE1-5AA7-4C99-8AEF-0D780C28E842}.Debug|ARM.ActiveCfg = Debug|Any CPU
		{365D3FE1-5AA7-4C99-8AEF-0D780C28E842}.Debug|x86.ActiveCfg = Debug|Any CPU
		{365D3FE1-5AA7-4C99-8AEF-0D780C28E842}.Release|Any CPU.ActiveCfg = Release|Any CPU
		{365D3FE1-5AA7-4C99-8AEF-0D780C28E842}.Release|Any CPU.Build.0 = Release|Any CPU
		{365D3FE1-5AA7-4C99-8AEF-0D780C28E842}.Release|ARM.ActiveCfg = Release|Any CPU
		{365D3FE1-5AA7-4C99-8AEF-0D780C28E842}.Release|x86.ActiveCfg = Release|Any CPU
		{835A54D3-2C86-4766-8CEC-6C4EEE9304C7}.Debug|Any CPU.ActiveCfg = Debug|Any CPU
		{835A54D3-2C86-4766-8CEC-6C4EEE9304C7}.Debug|Any CPU.Build.0 = Debug|Any CPU
		{835A54D3-2C86-4766-8CEC-6C4EEE9304C7}.Debug|ARM.ActiveCfg = Debug|Any CPU
		{835A54D3-2C86-4766-8CEC-6C4EEE9304C7}.Debug|x86.ActiveCfg = Debug|Any CPU
		{835A54D3-2C86-4766-8CEC-6C4EEE9304C7}.Release|Any CPU.ActiveCfg = Release|Any CPU
		{835A54D3-2C86-4766-8CEC-6C4EEE9304C7}.Release|Any CPU.Build.0 = Release|Any CPU
		{835A54D3-2C86-4766-8CEC-6C4EEE9304C7}.Release|ARM.ActiveCfg = Release|Any CPU
		{835A54D3-2C86-4766-8CEC-6C4EEE9304C7}.Release|x86.ActiveCfg = Release|Any CPU
		{D6F57848-85CD-44D1-A4AC-6C0E0E918061}.Debug|Any CPU.ActiveCfg = Debug|Any CPU
		{D6F57848-85CD-44D1-A4AC-6C0E0E918061}.Debug|Any CPU.Build.0 = Debug|Any CPU
		{D6F57848-85CD-44D1-A4AC-6C0E0E918061}.Debug|ARM.ActiveCfg = Debug|Any CPU
		{D6F57848-85CD-44D1-A4AC-6C0E0E918061}.Debug|x86.ActiveCfg = Debug|Any CPU
		{D6F57848-85CD-44D1-A4AC-6C0E0E918061}.Release|Any CPU.ActiveCfg = Release|Any CPU
		{D6F57848-85CD-44D1-A4AC-6C0E0E918061}.Release|Any CPU.Build.0 = Release|Any CPU
		{D6F57848-85CD-44D1-A4AC-6C0E0E918061}.Release|ARM.ActiveCfg = Release|Any CPU
		{D6F57848-85CD-44D1-A4AC-6C0E0E918061}.Release|x86.ActiveCfg = Release|Any CPU
		{69122E3D-120B-43CD-A710-5091792CF323}.Debug|Any CPU.ActiveCfg = Debug|Any CPU
		{69122E3D-120B-43CD-A710-5091792CF323}.Debug|Any CPU.Build.0 = Debug|Any CPU
		{69122E3D-120B-43CD-A710-5091792CF323}.Debug|ARM.ActiveCfg = Debug|Any CPU
		{69122E3D-120B-43CD-A710-5091792CF323}.Debug|ARM.Build.0 = Debug|Any CPU
		{69122E3D-120B-43CD-A710-5091792CF323}.Debug|x86.ActiveCfg = Debug|Any CPU
		{69122E3D-120B-43CD-A710-5091792CF323}.Debug|x86.Build.0 = Debug|Any CPU
		{69122E3D-120B-43CD-A710-5091792CF323}.Release|Any CPU.ActiveCfg = Release|Any CPU
		{69122E3D-120B-43CD-A710-5091792CF323}.Release|Any CPU.Build.0 = Release|Any CPU
		{69122E3D-120B-43CD-A710-5091792CF323}.Release|ARM.ActiveCfg = Release|Any CPU
		{69122E3D-120B-43CD-A710-5091792CF323}.Release|ARM.Build.0 = Release|Any CPU
		{69122E3D-120B-43CD-A710-5091792CF323}.Release|x86.ActiveCfg = Release|Any CPU
		{69122E3D-120B-43CD-A710-5091792CF323}.Release|x86.Build.0 = Release|Any CPU
		{35B18FBE-06BB-413F-B3A8-23635AE0929F}.Debug|Any CPU.ActiveCfg = Debug|Any CPU
		{35B18FBE-06BB-413F-B3A8-23635AE0929F}.Debug|Any CPU.Build.0 = Debug|Any CPU
		{35B18FBE-06BB-413F-B3A8-23635AE0929F}.Debug|ARM.ActiveCfg = Debug|Any CPU
		{35B18FBE-06BB-413F-B3A8-23635AE0929F}.Debug|ARM.Build.0 = Debug|Any CPU
		{35B18FBE-06BB-413F-B3A8-23635AE0929F}.Debug|x86.ActiveCfg = Debug|Any CPU
		{35B18FBE-06BB-413F-B3A8-23635AE0929F}.Debug|x86.Build.0 = Debug|Any CPU
		{35B18FBE-06BB-413F-B3A8-23635AE0929F}.Release|Any CPU.ActiveCfg = Release|Any CPU
		{35B18FBE-06BB-413F-B3A8-23635AE0929F}.Release|Any CPU.Build.0 = Release|Any CPU
		{35B18FBE-06BB-413F-B3A8-23635AE0929F}.Release|ARM.ActiveCfg = Release|Any CPU
		{35B18FBE-06BB-413F-B3A8-23635AE0929F}.Release|ARM.Build.0 = Release|Any CPU
		{35B18FBE-06BB-413F-B3A8-23635AE0929F}.Release|x86.ActiveCfg = Release|Any CPU
		{35B18FBE-06BB-413F-B3A8-23635AE0929F}.Release|x86.Build.0 = Release|Any CPU
	EndGlobalSection
	GlobalSection(SolutionProperties) = preSolution
		HideSolutionNode = FALSE
	EndGlobalSection
	GlobalSection(ExtensibilityGlobals) = postSolution
		SolutionGuid = {264AC1F7-95CF-4DD3-98A3-74F0C8F5F8B3}
	EndGlobalSection
	GlobalSection(MonoDevelopProperties) = preSolution
		StartupItem = AndroidDotNetSDK\AndroidDotNetSDK.csproj
	EndGlobalSection
EndGlobal
