{
  "version": 1,
  "dependencies": {
    "net8.0": {
      "coverlet.msbuild": {
        "type": "Direct",
        "requested": "[2.9.0, 2.9.0]",
        "resolved": "2.9.0",
        "contentHash": "t+2du2q+z0FFklyP6HGSoKssRj0NequInLvgQ9rtxHskbgmAENxgt83eTQSRyxJ8DAThW8WOYhOuhuXIs//ZyA=="
      },
      "Microsoft.NET.Test.Sdk": {
        "type": "Direct",
        "requested": "[15.9.2, 15.9.2]",
        "resolved": "15.9.2",
        "contentHash": "vYtHTWtm7tOT7ZqboiIw7tKgJBLFJhMgi6eaUzJ9JRVmYLx5P6PBMEqZB1og2olG4H+FAtruPlN/PAaM6MW89Q==",
        "dependencies": {
          "Microsoft.CodeCoverage": "15.9.2",
          "Microsoft.TestPlatform.TestHost": "15.9.2"
        }
      },
      "NSubstitute": {
        "type": "Direct",
        "requested": "[3.1.0, 3.1.0]",
        "resolved": "3.1.0",
        "contentHash": "Ci9YiqoknyCWTlHiv+lF9MC5CROUlVRjNkLcYbTABhG+d6lYfc/3C4u8qvNnq4n9NhyKllwmLp6DHiBZz3RyYA==",
        "dependencies": {
          "Castle.Core": "4.2.0",
          "NETStandard.Library": "1.6.1",
          "System.Linq.Queryable": "4.3.0",
          "System.Reflection.TypeExtensions": "4.3.0",
          "System.Threading.Tasks.Extensions": "4.3.0"
        }
      },
      "NUnit": {
        "type": "Direct",
        "requested": "[3.14.0, 3.14.0]",
        "resolved": "3.14.0",
        "contentHash": "R7iPwD7kbOaP3o2zldWJbWeMQAvDKD0uld27QvA3PAALl1unl7x0v2J7eGiJOYjimV/BuGT4VJmr45RjS7z4LA==",
        "dependencies": {
          "NETStandard.Library": "2.0.0"
        }
      },
      "NUnit.ConsoleRunner": {
        "type": "Direct",
        "requested": "[3.20.1, 3.20.1]",
        "resolved": "3.20.1",
        "contentHash": "LSn79616mSfkCGwU7fkN0LSte0TOVANUxfiI+CgHemd5y2pO7lFq6fdsn5K0BIV9P3LZnGq+9zcZm4TMKiWVQw=="
      },
      "NUnit.Extension.VSProjectLoader": {
        "type": "Direct",
        "requested": "[3.9.0, 3.9.0]",
        "resolved": "3.9.0",
        "contentHash": "KDCliBK7Db3PPheXfp0gaUQdT2AyRCVPPSnI4/cI2umRmEnNM7uKnZOIJflN7MebjqUpMyi92OAm7dIbaAK4NA=="
      },
      "NUnit.Runners": {
        "type": "Direct",
        "requested": "[3.12.0, 3.12.0]",
        "resolved": "3.12.0",
        "contentHash": "KNpc03ZPF8wUWdPnLwNch1ycqsUNJgsheVlsUQcsHStuN5S7HMuNEGAavBNVwsHGq++GmtgG0N1MBVEgmxFtFg==",
        "dependencies": {
          "NUnit.Console": "3.12.0"
        }
      },
      "NUnit3TestAdapter": {
        "type": "Direct",
        "requested": "[4.6.0, 4.6.0]",
        "resolved": "4.6.0",
        "contentHash": "R7e1+a4vuV/YS+ItfL7f//rG+JBvVeVLX4mHzFEZo4W1qEKl8Zz27AqvQSAqo+BtIzUCo4aAJMYa56VXS4hudw=="
      },
      "Castle.Core": {
        "type": "Transitive",
        "resolved": "4.2.0",
        "contentHash": "1TtKHYYVfox7aUZ0akCqkULmAjpG8X5ZRzTzTiONY34xtvvaPuUSSdVL1VaF/1/ljRhOkpy+uKOGn6XoFGvorw==",
        "dependencies": {
          "NETStandard.Library": "1.6.1",
          "System.Collections.Specialized": "4.3.0",
          "System.ComponentModel": "4.3.0",
          "System.ComponentModel.TypeConverter": "4.3.0",
          "System.Diagnostics.TraceSource": "4.3.0",
          "System.Dynamic.Runtime": "4.3.0",
          "System.Reflection": "4.3.0",
          "System.Reflection.Emit": "4.3.0",
          "System.Reflection.TypeExtensions": "4.3.0",
          "System.Xml.XmlDocument": "4.3.0"
        }
      },
      "FluentValidation": {
        "type": "Transitive",
        "resolved": "11.11.0",
        "contentHash": "cyIVdQBwSipxWG8MA3Rqox7iNbUNUTK5bfJi9tIdm4CAfH71Oo5ABLP4/QyrUwuakqpUEPGtE43BDddvEehuYw=="
      },
      "log4net": {
        "type": "Transitive",
        "resolved": "2.0.17",
        "contentHash": "qnnDf/ubJzwm2i1xH7nRMjEDoD+ctse7nZDqb+p7L1PvZc6ykpMoEesWr1/9hFqlsbII2v9e8yyQHJhoDQh7ZA==",
        "dependencies": {
          "System.Configuration.ConfigurationManager": "4.5.0"
        }
      },
      "Microsoft.CodeCoverage": {
        "type": "Transitive",
        "resolved": "15.9.2",
        "contentHash": "h3LzEIoohwmhEM2Qs1hM9EwwVrX8MuT03aYyqtXJUbGf+8oPB/aHQ22ZanoMV5Q5Z06UDGc+VvSzFNZ6bLxADw=="
      },
      "Microsoft.DotNet.PlatformAbstractions": {
        "type": "Transitive",
        "resolved": "1.0.3",
        "contentHash": "rF92Gp5L2asYrFNf0cKNBxzzGLh1krHuj6TRDk9wdjN2qdvJLaNYOn1s9oYkMlptYX436KiEFqxhLB+I5veXvQ==",
        "dependencies": {
          "System.AppContext": "4.1.0",
          "System.Collections": "4.0.11",
          "System.IO": "4.1.0",
          "System.IO.FileSystem": "4.0.1",
          "System.Reflection.TypeExtensions": "4.1.0",
          "System.Runtime.Extensions": "4.1.0",
          "System.Runtime.InteropServices": "4.1.0",
          "System.Runtime.InteropServices.RuntimeInformation": "4.0.0"
        }
      },
      "Microsoft.Extensions.DependencyModel": {
        "type": "Transitive",
        "resolved": "1.0.3",
        "contentHash": "Z3o19EnheuegmvgpCzwoSlnCWxYA6qIUhvKJ7ifKHHvU7U+oYR/gliLiL3LVYOOeGMEEzkpJ5W67sOcXizGtlw==",
        "dependencies": {
          "Microsoft.DotNet.PlatformAbstractions": "1.0.3",
          "Newtonsoft.Json": "9.0.1",
          "System.Diagnostics.Debug": "4.0.11",
          "System.Dynamic.Runtime": "4.0.11",
          "System.Linq": "4.1.0"
        }
      },
      "Microsoft.NETCore.Platforms": {
        "type": "Transitive",
        "resolved": "2.0.0",
        "contentHash": "VdLJOCXhZaEMY7Hm2GKiULmn7IEPFE4XC5LPSfBVCUIA8YLZVh846gtfBJalsPQF2PlzdD7ecX7DZEulJ402ZQ=="
      },
      "Microsoft.NETCore.Targets": {
        "type": "Transitive",
        "resolved": "1.1.0",
        "contentHash": "aOZA3BWfz9RXjpzt0sRJJMjAscAUm3Hoa4UWAfceV9UTYxgwZ1lZt5nO2myFf+/jetYQo4uTP7zS8sJY67BBxg=="
      },
      "Microsoft.TestPlatform.ObjectModel": {
        "type": "Transitive",
        "resolved": "15.9.2",
        "contentHash": "uSX3CMfJ0PjN4LoxMUV2MnIMD+3qr/R3GEAgC5gTCE9ByaVleAYMbtZeHnOXHRsUJCu09D2fopDy+tzWPGtvGA==",
        "dependencies": {
          "NETStandard.Library": "1.6.0",
          "System.ComponentModel.EventBasedAsync": "4.0.11",
          "System.ComponentModel.TypeConverter": "4.1.0",
          "System.Diagnostics.Process": "4.1.0",
          "System.Diagnostics.TextWriterTraceListener": "4.0.0",
          "System.Diagnostics.TraceSource": "4.0.0",
          "System.Reflection.Metadata": "1.3.0",
          "System.Reflection.TypeExtensions": "4.1.0",
          "System.Runtime.InteropServices.RuntimeInformation": "4.0.0",
          "System.Runtime.Loader": "4.0.0",
          "System.Runtime.Serialization.Json": "4.0.2",
          "System.Runtime.Serialization.Primitives": "4.1.1",
          "System.Threading.Thread": "4.0.0",
          "System.Xml.XPath.XmlDocument": "4.0.1"
        }
      },
      "Microsoft.TestPlatform.TestHost": {
        "type": "Transitive",
        "resolved": "15.9.2",
        "contentHash": "LaCygC0KMSf6loE2cgVn3XFPpy9lnlKgMWLX0H6YjgmvRZ0wVVGe/8I8s/Ka5XJb3wUaFUijvOHYoJOYXBJAVw==",
        "dependencies": {
          "Microsoft.Extensions.DependencyModel": "1.0.3",
          "Microsoft.TestPlatform.ObjectModel": "15.9.2",
          "Newtonsoft.Json": "9.0.1"
        }
      },
      "Microsoft.Win32.Primitives": {
        "type": "Transitive",
        "resolved": "4.0.1",
        "contentHash": "fQnBHO9DgcmkC9dYSJoBqo6sH1VJwJprUHh8F3hbcRlxiQiBUuTntdk8tUwV490OqC2kQUrinGwZyQHTieuXRA==",
        "dependencies": {
          "Microsoft.NETCore.Platforms": "1.0.1",
          "Microsoft.NETCore.Targets": "1.0.1",
          "System.Runtime": "4.1.0"
        }
      },
      "Microsoft.Win32.Registry": {
        "type": "Transitive",
        "resolved": "4.0.0",
        "contentHash": "q+eLtROUAQ3OxYA5mpQrgyFgzLQxIyrfT2eLpYX5IEPlHmIio2nh4F5bgOaQoGOV865kFKZZso9Oq9RlazvXtg==",
        "dependencies": {
          "Microsoft.NETCore.Platforms": "1.0.1",
          "System.Collections": "4.0.11",
          "System.Globalization": "4.0.11",
          "System.Resources.ResourceManager": "4.0.1",
          "System.Runtime": "4.1.0",
          "System.Runtime.Extensions": "4.1.0",
          "System.Runtime.Handles": "4.0.1",
          "System.Runtime.InteropServices": "4.1.0"
        }
      },
      "NETStandard.Library": {
        "type": "Transitive",
        "resolved": "2.0.0",
        "contentHash": "7jnbRU+L08FXKMxqUflxEXtVymWvNOrS8yHgu9s6EM8Anr6T/wIX4nZ08j/u3Asz+tCufp3YVwFSEvFTPYmBPA==",
        "dependencies": {
          "Microsoft.NETCore.Platforms": "1.1.0"
        }
      },
      "Newtonsoft.Json": {
        "type": "Transitive",
        "resolved": "13.0.4",
        "contentHash": "pdgNNMai3zv51W5aq268sujXUyx7SNdE2bj1wZcWjAQrKMFZV260lbqYop1d2GM67JI1huLRwxo9ZqnfF/lC6A=="
      },
      "NUnit.Console": {
        "type": "Transitive",
        "resolved": "3.12.0",
        "contentHash": "9KXFnViEIKQjz4vqiYFpLV9sntfHxixQomLCJzDMXC6WDo9DP2GhDQiBND6we6MRStMSNzoAWgourbLKwo7utQ==",
        "dependencies": {
          "NUnit.ConsoleRunner": "3.12.0",
          "NUnit.Extension.NUnitProjectLoader": "3.6.0",
          "NUnit.Extension.NUnitV2Driver": "3.8.0",
          "NUnit.Extension.NUnitV2ResultWriter": "3.6.0",
          "NUnit.Extension.TeamCityEventListener": "1.0.7",
          "NUnit.Extension.VSProjectLoader": "3.8.0"
        }
      },
      "NUnit.Extension.NUnitProjectLoader": {
        "type": "Transitive",
        "resolved": "3.6.0",
        "contentHash": "ev2+dCJShMNIATkYNm/vHEuieBfbismr9DcUfBvafJZf5vNyugXPuMXO/MaOFcJaoW9j6/zjMmXKG7R5umWzXA=="
      },
      "NUnit.Extension.NUnitV2Driver": {
        "type": "Transitive",
        "resolved": "3.8.0",
        "contentHash": "l6MgFJPTnrlDaMXWfbUZ82h1uvtj0C1ExPpqm6HrYOBa5Z4MBwmFLqj85rnv9JMhu/Ju7jQB/FIaMbfoXInI2A=="
      },
      "NUnit.Extension.NUnitV2ResultWriter": {
        "type": "Transitive",
        "resolved": "3.6.0",
        "contentHash": "P/Nc+wgFRe3dT59/VjhiIT0SWfLMbb/Vc9AtBU3L71VOCs8zQnuNjCOEFLQL/Mq6XSaZeB2Sug9tUgTfCnQk9w=="
      },
      "NUnit.Extension.TeamCityEventListener": {
        "type": "Transitive",
        "resolved": "1.0.7",
        "contentHash": "bw+ZwHsUmxqb9leo91qLEF7ggtdpawY2V6wNqHI6+ATa2SHxHxoxiV5UV07ZWDRpf/qlQJELNlZu7wIB3+w2qQ=="
      },
      "runtime.native.System": {
        "type": "Transitive",
        "resolved": "4.3.0",
        "contentHash": "c/qWt2LieNZIj1jGnVNsE2Kl23Ya2aSTBuXMD6V7k9KWr6l16Tqdwq+hJScEpWER9753NWC8h96PaVNY5Ld7Jw==",
        "dependencies": {
          "Microsoft.NETCore.Platforms": "1.1.0",
          "Microsoft.NETCore.Targets": "1.1.0"
        }
      },
      "System.AppContext": {
        "type": "Transitive",
        "resolved": "4.1.0",
        "contentHash": "3QjO4jNV7PdKkmQAVp9atA+usVnKRwI3Kx1nMwJ93T0LcQfx7pKAYk0nKz5wn1oP5iqlhZuy6RXOFdhr7rDwow==",
        "dependencies": {
          "System.Runtime": "4.1.0"
        }
      },
      "System.Collections": {
        "type": "Transitive",
        "resolved": "4.3.0",
        "contentHash": "3Dcj85/TBdVpL5Zr+gEEBUuFe2icOnLalmEh9hfck1PTYbbyWuZgh4fmm2ysCLTrqLQw6t3TgTyJ+VLp+Qb+Lw==",
        "dependencies": {
          "Microsoft.NETCore.Platforms": "1.1.0",
          "Microsoft.NETCore.Targets": "1.1.0",
          "System.Runtime": "4.3.0"
        }
      },
      "System.Collections.Concurrent": {
        "type": "Transitive",
        "resolved": "4.0.12",
        "contentHash": "2gBcbb3drMLgxlI0fBfxMA31ec6AEyYCHygGse4vxceJan8mRIWeKJ24BFzN7+bi/NFTgdIgufzb94LWO5EERQ==",
        "dependencies": {
          "System.Collections": "4.0.11",
          "System.Diagnostics.Debug": "4.0.11",
          "System.Diagnostics.Tracing": "4.1.0",
          "System.Globalization": "4.0.11",
          "System.Reflection": "4.1.0",
          "System.Resources.ResourceManager": "4.0.1",
          "System.Runtime": "4.1.0",
          "System.Runtime.Extensions": "4.1.0",
          "System.Threading": "4.0.11",
          "System.Threading.Tasks": "4.0.11"
        }
      },
      "System.Collections.Immutable": {
        "type": "Transitive",
        "resolved": "1.2.0",
        "contentHash": "Cma8cBW6di16ZLibL8LYQ+cLjGzoKxpOTu/faZfDcx94ZjAGq6Nv5RO7+T1YZXqEXTZP9rt1wLVEONVpURtUqw==",
        "dependencies": {
          "System.Collections": "4.0.11",
          "System.Diagnostics.Debug": "4.0.11",
          "System.Globalization": "4.0.11",
          "System.Linq": "4.1.0",
          "System.Resources.ResourceManager": "4.0.1",
          "System.Runtime": "4.1.0",
          "System.Runtime.Extensions": "4.1.0",
          "System.Threading": "4.0.11"
        }
      },
      "System.Collections.NonGeneric": {
        "type": "Transitive",
        "resolved": "4.3.0",
        "contentHash": "prtjIEMhGUnQq6RnPEYLpFt8AtLbp9yq2zxOSrY7KJJZrw25Fi97IzBqY7iqssbM61Ek5b8f3MG/sG1N2sN5KA==",
        "dependencies": {
          "System.Diagnostics.Debug": "4.3.0",
          "System.Globalization": "4.3.0",
          "System.Resources.ResourceManager": "4.3.0",
          "System.Runtime": "4.3.0",
          "System.Runtime.Extensions": "4.3.0",
          "System.Threading": "4.3.0"
        }
      },
      "System.Collections.Specialized": {
        "type": "Transitive",
        "resolved": "4.3.0",
        "contentHash": "Epx8PoVZR0iuOnJJDzp7pWvdfMMOAvpUo95pC4ScH2mJuXkKA2Y4aR3cG9qt2klHgSons1WFh4kcGW7cSXvrxg==",
        "dependencies": {
          "System.Collections.NonGeneric": "4.3.0",
          "System.Globalization": "4.3.0",
          "System.Globalization.Extensions": "4.3.0",
          "System.Resources.ResourceManager": "4.3.0",
          "System.Runtime": "4.3.0",
          "System.Runtime.Extensions": "4.3.0",
          "System.Threading": "4.3.0"
        }
      },
      "System.ComponentModel": {
        "type": "Transitive",
        "resolved": "4.3.0",
        "contentHash": "VyGn1jGRZVfxnh8EdvDCi71v3bMXrsu8aYJOwoV7SNDLVhiEqwP86pPMyRGsDsxhXAm2b3o9OIqeETfN5qfezw==",
        "dependencies": {
          "System.Runtime": "4.3.0"
        }
      },
      "System.ComponentModel.EventBasedAsync": {
        "type": "Transitive",
        "resolved": "4.0.11",
        "contentHash": "Z7SO6vvQIR84daPE4uhaNdef9CjgjDMGYkas8epUhf0U3WGuaGgZ0Mm4QuNycMdbHUY8KEdZrtgxonkAiJaAlA==",
        "dependencies": {
          "System.Resources.ResourceManager": "4.0.1",
          "System.Runtime": "4.1.0",
          "System.Threading": "4.0.11",
          "System.Threading.Tasks": "4.0.11"
        }
      },
      "System.ComponentModel.Primitives": {
        "type": "Transitive",
        "resolved": "4.3.0",
        "contentHash": "j8GUkCpM8V4d4vhLIIoBLGey2Z5bCkMVNjEZseyAlm4n5arcsJOeI3zkUP+zvZgzsbLTYh4lYeP/ZD/gdIAPrw==",
        "dependencies": {
          "System.ComponentModel": "4.3.0",
          "System.Resources.ResourceManager": "4.3.0",
          "System.Runtime": "4.3.0"
        }
      },
      "System.ComponentModel.TypeConverter": {
        "type": "Transitive",
        "resolved": "4.3.0",
        "contentHash": "16pQ6P+EdhcXzPiEK4kbA953Fu0MNG2ovxTZU81/qsCd1zPRsKc3uif5NgvllCY598k6bI0KUyKW8fanlfaDQg==",
        "dependencies": {
          "System.Collections": "4.3.0",
          "System.Collections.NonGeneric": "4.3.0",
          "System.Collections.Specialized": "4.3.0",
          "System.ComponentModel": "4.3.0",
          "System.ComponentModel.Primitives": "4.3.0",
          "System.Globalization": "4.3.0",
          "System.Linq": "4.3.0",
          "System.Reflection": "4.3.0",
          "System.Reflection.Extensions": "4.3.0",
          "System.Reflection.Primitives": "4.3.0",
          "System.Reflection.TypeExtensions": "4.3.0",
          "System.Resources.ResourceManager": "4.3.0",
          "System.Runtime": "4.3.0",
          "System.Runtime.Extensions": "4.3.0",
          "System.Threading": "4.3.0"
        }
      },
      "System.Configuration.ConfigurationManager": {
        "type": "Transitive",
        "resolved": "4.5.0",
        "contentHash": "UIFvaFfuKhLr9u5tWMxmVoDPkFeD+Qv8gUuap4aZgVGYSYMdERck4OhLN/2gulAc0nYTEigWXSJNNWshrmxnng==",
        "dependencies": {
          "System.Security.Cryptography.ProtectedData": "4.5.0",
          "System.Security.Permissions": "4.5.0"
        }
      },
      "System.Diagnostics.Debug": {
        "type": "Transitive",
        "resolved": "4.3.0",
        "contentHash": "ZUhUOdqmaG5Jk3Xdb8xi5kIyQYAA4PnTNlHx1mu9ZY3qv4ELIdKbnL/akbGaKi2RnNUWaZsAs31rvzFdewTj2g==",
        "dependencies": {
          "Microsoft.NETCore.Platforms": "1.1.0",
          "Microsoft.NETCore.Targets": "1.1.0",
          "System.Runtime": "4.3.0"
        }
      },
      "System.Diagnostics.Process": {
        "type": "Transitive",
        "resolved": "4.1.0",
        "contentHash": "mpVZ5bnlSs3tTeJ6jYyDJEIa6tavhAd88lxq1zbYhkkCu0Pno2+gHXcvZcoygq2d8JxW3gojXqNJMTAshduqZA==",
        "dependencies": {
          "Microsoft.NETCore.Platforms": "1.0.1",
          "Microsoft.Win32.Primitives": "4.0.1",
          "Microsoft.Win32.Registry": "4.0.0",
          "System.Collections": "4.0.11",
          "System.Diagnostics.Debug": "4.0.11",
          "System.Globalization": "4.0.11",
          "System.IO": "4.1.0",
          "System.IO.FileSystem": "4.0.1",
          "System.IO.FileSystem.Primitives": "4.0.1",
          "System.Resources.ResourceManager": "4.0.1",
          "System.Runtime": "4.1.0",
          "System.Runtime.Extensions": "4.1.0",
          "System.Runtime.Handles": "4.0.1",
          "System.Runtime.InteropServices": "4.1.0",
          "System.Text.Encoding": "4.0.11",
          "System.Text.Encoding.Extensions": "4.0.11",
          "System.Threading": "4.0.11",
          "System.Threading.Tasks": "4.0.11",
          "System.Threading.Thread": "4.0.0",
          "System.Threading.ThreadPool": "4.0.10",
          "runtime.native.System": "4.0.0"
        }
      },
      "System.Diagnostics.TextWriterTraceListener": {
        "type": "Transitive",
        "resolved": "4.0.0",
        "contentHash": "w36Dr8yKy8xP150qPANe7Td+/zOI3G62ImRcHDIEW+oUXUuTKZHd4DHmqRx5+x8RXd85v3tXd1uhNTfsr+yxjA==",
        "dependencies": {
          "System.Diagnostics.TraceSource": "4.0.0",
          "System.Globalization": "4.0.11",
          "System.IO": "4.1.0",
          "System.Resources.ResourceManager": "4.0.1",
          "System.Runtime": "4.1.0",
          "System.Threading": "4.0.11"
        }
      },
      "System.Diagnostics.TraceSource": {
        "type": "Transitive",
        "resolved": "4.3.0",
        "contentHash": "VnYp1NxGx8Ww731y2LJ1vpfb/DKVNKEZ8Jsh5SgQTZREL/YpWRArgh9pI8CDLmgHspZmLL697CaLvH85qQpRiw==",
        "dependencies": {
          "Microsoft.NETCore.Platforms": "1.1.0",
          "System.Collections": "4.3.0",
          "System.Diagnostics.Debug": "4.3.0",
          "System.Globalization": "4.3.0",
          "System.Resources.ResourceManager": "4.3.0",
          "System.Runtime": "4.3.0",
          "System.Runtime.Extensions": "4.3.0",
          "System.Threading": "4.3.0",
          "runtime.native.System": "4.3.0"
        }
      },
      "System.Diagnostics.Tracing": {
        "type": "Transitive",
        "resolved": "4.1.0",
        "contentHash": "vDN1PoMZCkkdNjvZLql592oYJZgS7URcJzJ7bxeBgGtx5UtR5leNm49VmfHGqIffX4FKacHbI3H6UyNSHQknBg==",
        "dependencies": {
          "Microsoft.NETCore.Platforms": "1.0.1",
          "Microsoft.NETCore.Targets": "1.0.1",
          "System.Runtime": "4.1.0"
        }
      },
      "System.Dynamic.Runtime": {
        "type": "Transitive",
        "resolved": "4.3.0",
        "contentHash": "SNVi1E/vfWUAs/WYKhE9+qlS6KqK0YVhnlT0HQtr8pMIA8YX3lwy3uPMownDwdYISBdmAF/2holEIldVp85Wag==",
        "dependencies": {
          "System.Collections": "4.3.0",
          "System.Diagnostics.Debug": "4.3.0",
          "System.Linq": "4.3.0",
          "System.Linq.Expressions": "4.3.0",
          "System.ObjectModel": "4.3.0",
          "System.Reflection": "4.3.0",
          "System.Reflection.Emit": "4.3.0",
          "System.Reflection.Emit.ILGeneration": "4.3.0",
          "System.Reflection.Primitives": "4.3.0",
          "System.Reflection.TypeExtensions": "4.3.0",
          "System.Resources.ResourceManager": "4.3.0",
          "System.Runtime": "4.3.0",
          "System.Runtime.Extensions": "4.3.0",
          "System.Threading": "4.3.0"
        }
      },
      "System.Globalization": {
        "type": "Transitive",
        "resolved": "4.3.0",
        "contentHash": "kYdVd2f2PAdFGblzFswE4hkNANJBKRmsfa2X5LG2AcWE1c7/4t0pYae1L8vfZ5xvE2nK/R9JprtToA61OSHWIg==",
        "dependencies": {
          "Microsoft.NETCore.Platforms": "1.1.0",
          "Microsoft.NETCore.Targets": "1.1.0",
          "System.Runtime": "4.3.0"
        }
      },
      "System.Globalization.Extensions": {
        "type": "Transitive",
        "resolved": "4.3.0",
        "contentHash": "FhKmdR6MPG+pxow6wGtNAWdZh7noIOpdD5TwQ3CprzgIE1bBBoim0vbR1+AWsWjQmU7zXHgQo4TWSP6lCeiWcQ==",
        "dependencies": {
          "Microsoft.NETCore.Platforms": "1.1.0",
          "System.Globalization": "4.3.0",
          "System.Resources.ResourceManager": "4.3.0",
          "System.Runtime": "4.3.0",
          "System.Runtime.Extensions": "4.3.0",
          "System.Runtime.InteropServices": "4.3.0"
        }
      },
      "System.IO": {
        "type": "Transitive",
        "resolved": "4.3.0",
        "contentHash": "3qjaHvxQPDpSOYICjUoTsmoq5u6QJAFRUITgeT/4gqkF1bajbSmb1kwSxEA8AHlofqgcKJcM8udgieRNhaJ5Cg==",
        "dependencies": {
          "Microsoft.NETCore.Platforms": "1.1.0",
          "Microsoft.NETCore.Targets": "1.1.0",
          "System.Runtime": "4.3.0",
          "System.Text.Encoding": "4.3.0",
          "System.Threading.Tasks": "4.3.0"
        }
      },
      "System.IO.FileSystem": {
        "type": "Transitive",
        "resolved": "4.3.0",
        "contentHash": "3wEMARTnuio+ulnvi+hkRNROYwa1kylvYahhcLk4HSoVdl+xxTFVeVlYOfLwrDPImGls0mDqbMhrza8qnWPTdA==",
        "dependencies": {
          "Microsoft.NETCore.Platforms": "1.1.0",
          "Microsoft.NETCore.Targets": "1.1.0",
          "System.IO": "4.3.0",
          "System.IO.FileSystem.Primitives": "4.3.0",
          "System.Runtime": "4.3.0",
          "System.Runtime.Handles": "4.3.0",
          "System.Text.Encoding": "4.3.0",
          "System.Threading.Tasks": "4.3.0"
        }
      },
      "System.IO.FileSystem.Primitives": {
        "type": "Transitive",
        "resolved": "4.3.0",
        "contentHash": "6QOb2XFLch7bEc4lIcJH49nJN2HV+OC3fHDgsLVsBVBk3Y4hFAnOBGzJ2lUu7CyDDFo9IBWkSsnbkT6IBwwiMw==",
        "dependencies": {
          "System.Runtime": "4.3.0"
        }
      },
      "System.Linq": {
        "type": "Transitive",
        "resolved": "4.3.0",
        "contentHash": "5DbqIUpsDp0dFftytzuMmc0oeMdQwjcP/EWxsksIz/w1TcFRkZ3yKKz0PqiYFMmEwPSWw+qNVqD7PJ889JzHbw==",
        "dependencies": {
          "System.Collections": "4.3.0",
          "System.Diagnostics.Debug": "4.3.0",
          "System.Resources.ResourceManager": "4.3.0",
          "System.Runtime": "4.3.0",
          "System.Runtime.Extensions": "4.3.0"
        }
      },
      "System.Linq.Expressions": {
        "type": "Transitive",
        "resolved": "4.3.0",
        "contentHash": "PGKkrd2khG4CnlyJwxwwaWWiSiWFNBGlgXvJpeO0xCXrZ89ODrQ6tjEWS/kOqZ8GwEOUATtKtzp1eRgmYNfclg==",
        "dependencies": {
          "System.Collections": "4.3.0",
          "System.Diagnostics.Debug": "4.3.0",
          "System.Globalization": "4.3.0",
          "System.IO": "4.3.0",
          "System.Linq": "4.3.0",
          "System.ObjectModel": "4.3.0",
          "System.Reflection": "4.3.0",
          "System.Reflection.Emit": "4.3.0",
          "System.Reflection.Emit.ILGeneration": "4.3.0",
          "System.Reflection.Emit.Lightweight": "4.3.0",
          "System.Reflection.Extensions": "4.3.0",
          "System.Reflection.Primitives": "4.3.0",
          "System.Reflection.TypeExtensions": "4.3.0",
          "System.Resources.ResourceManager": "4.3.0",
          "System.Runtime": "4.3.0",
          "System.Runtime.Extensions": "4.3.0",
          "System.Threading": "4.3.0"
        }
      },
      "System.Linq.Queryable": {
        "type": "Transitive",
        "resolved": "4.3.0",
        "contentHash": "In1Bmmvl/j52yPu3xgakQSI0YIckPUr870w4K5+Lak3JCCa8hl+my65lABOuKfYs4ugmZy25ScFerC4nz8+b6g==",
        "dependencies": {
          "System.Collections": "4.3.0",
          "System.Diagnostics.Debug": "4.3.0",
          "System.Linq": "4.3.0",
          "System.Linq.Expressions": "4.3.0",
          "System.Reflection": "4.3.0",
          "System.Reflection.Extensions": "4.3.0",
          "System.Resources.ResourceManager": "4.3.0",
          "System.Runtime": "4.3.0"
        }
      },
      "System.ObjectModel": {
        "type": "Transitive",
        "resolved": "4.3.0",
        "contentHash": "bdX+80eKv9bN6K4N+d77OankKHGn6CH711a6fcOpMQu2Fckp/Ft4L/kW9WznHpyR0NRAvJutzOMHNNlBGvxQzQ==",
        "dependencies": {
          "System.Collections": "4.3.0",
          "System.Diagnostics.Debug": "4.3.0",
          "System.Resources.ResourceManager": "4.3.0",
          "System.Runtime": "4.3.0",
          "System.Threading": "4.3.0"
        }
      },
      "System.Private.DataContractSerialization": {
        "type": "Transitive",
        "resolved": "4.1.1",
        "contentHash": "lcqFBUaCZxPiUkA4dlSOoPZGtZsAuuElH2XHgLwGLxd7ZozWetV5yiz0qGAV2AUYOqw97MtZBjbLMN16Xz4vXA==",
        "dependencies": {
          "System.Collections": "4.0.11",
          "System.Collections.Concurrent": "4.0.12",
          "System.Diagnostics.Debug": "4.0.11",
          "System.Globalization": "4.0.11",
          "System.IO": "4.1.0",
          "System.Linq": "4.1.0",
          "System.Reflection": "4.1.0",
          "System.Reflection.Emit.ILGeneration": "4.0.1",
          "System.Reflection.Emit.Lightweight": "4.0.1",
          "System.Reflection.Extensions": "4.0.1",
          "System.Reflection.Primitives": "4.0.1",
          "System.Reflection.TypeExtensions": "4.1.0",
          "System.Resources.ResourceManager": "4.0.1",
          "System.Runtime": "4.1.0",
          "System.Runtime.Extensions": "4.1.0",
          "System.Runtime.Serialization.Primitives": "4.1.1",
          "System.Text.Encoding": "4.0.11",
          "System.Text.Encoding.Extensions": "4.0.11",
          "System.Text.RegularExpressions": "4.1.0",
          "System.Threading": "4.0.11",
          "System.Threading.Tasks": "4.0.11",
          "System.Xml.ReaderWriter": "4.0.11",
          "System.Xml.XmlDocument": "4.0.1",
          "System.Xml.XmlSerializer": "4.0.11"
        }
      },
      "System.Reflection": {
        "type": "Transitive",
        "resolved": "4.3.0",
        "contentHash": "KMiAFoW7MfJGa9nDFNcfu+FpEdiHpWgTcS2HdMpDvt9saK3y/G4GwprPyzqjFH9NTaGPQeWNHU+iDlDILj96aQ==",
        "dependencies": {
          "Microsoft.NETCore.Platforms": "1.1.0",
          "Microsoft.NETCore.Targets": "1.1.0",
          "System.IO": "4.3.0",
          "System.Reflection.Primitives": "4.3.0",
          "System.Runtime": "4.3.0"
        }
      },
      "System.Reflection.Emit": {
        "type": "Transitive",
        "resolved": "4.3.0",
        "contentHash": "228FG0jLcIwTVJyz8CLFKueVqQK36ANazUManGaJHkO0icjiIypKW7YLWLIWahyIkdh5M7mV2dJepllLyA1SKg==",
        "dependencies": {
          "System.IO": "4.3.0",
          "System.Reflection": "4.3.0",
          "System.Reflection.Emit.ILGeneration": "4.3.0",
          "System.Reflection.Primitives": "4.3.0",
          "System.Runtime": "4.3.0"
        }
      },
      "System.Reflection.Emit.ILGeneration": {
        "type": "Transitive",
        "resolved": "4.3.0",
        "contentHash": "59tBslAk9733NXLrUJrwNZEzbMAcu8k344OYo+wfSVygcgZ9lgBdGIzH/nrg3LYhXceynyvTc8t5/GD4Ri0/ng==",
        "dependencies": {
          "System.Reflection": "4.3.0",
          "System.Reflection.Primitives": "4.3.0",
          "System.Runtime": "4.3.0"
        }
      },
      "System.Reflection.Emit.Lightweight": {
        "type": "Transitive",
        "resolved": "4.3.0",
        "contentHash": "oadVHGSMsTmZsAF864QYN1t1QzZjIcuKU3l2S9cZOwDdDueNTrqq1yRj7koFfIGEnKpt6NjpL3rOzRhs4ryOgA==",
        "dependencies": {
          "System.Reflection": "4.3.0",
          "System.Reflection.Emit.ILGeneration": "4.3.0",
          "System.Reflection.Primitives": "4.3.0",
          "System.Runtime": "4.3.0"
        }
      },
      "System.Reflection.Extensions": {
        "type": "Transitive",
        "resolved": "4.3.0",
        "contentHash": "rJkrJD3kBI5B712aRu4DpSIiHRtr6QlfZSQsb0hYHrDCZORXCFjQfoipo2LaMUHoT9i1B7j7MnfaEKWDFmFQNQ==",
        "dependencies": {
          "Microsoft.NETCore.Platforms": "1.1.0",
          "Microsoft.NETCore.Targets": "1.1.0",
          "System.Reflection": "4.3.0",
          "System.Runtime": "4.3.0"
        }
      },
      "System.Reflection.Metadata": {
        "type": "Transitive",
        "resolved": "1.3.0",
        "contentHash": "jMSCxA4LSyKBGRDm/WtfkO03FkcgRzHxwvQRib1bm2GZ8ifKM1MX1al6breGCEQK280mdl9uQS7JNPXRYk90jw==",
        "dependencies": {
          "System.Collections": "4.0.11",
          "System.Collections.Immutable": "1.2.0",
          "System.Diagnostics.Debug": "4.0.11",
          "System.IO": "4.1.0",
          "System.Linq": "4.1.0",
          "System.Reflection": "4.1.0",
          "System.Reflection.Extensions": "4.0.1",
          "System.Reflection.Primitives": "4.0.1",
          "System.Resources.ResourceManager": "4.0.1",
          "System.Runtime": "4.1.0",
          "System.Runtime.Extensions": "4.1.0",
          "System.Runtime.InteropServices": "4.1.0",
          "System.Text.Encoding": "4.0.11",
          "System.Text.Encoding.Extensions": "4.0.11",
          "System.Threading": "4.0.11"
        }
      },
      "System.Reflection.Primitives": {
        "type": "Transitive",
        "resolved": "4.3.0",
        "contentHash": "5RXItQz5As4xN2/YUDxdpsEkMhvw3e6aNveFXUn4Hl/udNTCNhnKp8lT9fnc3MhvGKh1baak5CovpuQUXHAlIA==",
        "dependencies": {
          "Microsoft.NETCore.Platforms": "1.1.0",
          "Microsoft.NETCore.Targets": "1.1.0",
          "System.Runtime": "4.3.0"
        }
      },
      "System.Reflection.TypeExtensions": {
        "type": "Transitive",
        "resolved": "4.3.0",
        "contentHash": "7u6ulLcZbyxB5Gq0nMkQttcdBTx57ibzw+4IOXEfR+sXYQoHvjW5LTLyNr8O22UIMrqYbchJQJnos4eooYzYJA==",
        "dependencies": {
          "System.Reflection": "4.3.0",
          "System.Runtime": "4.3.0"
        }
      },
      "System.Resources.ResourceManager": {
        "type": "Transitive",
        "resolved": "4.3.0",
        "contentHash": "/zrcPkkWdZmI4F92gL/TPumP98AVDu/Wxr3CSJGQQ+XN6wbRZcyfSKVoPo17ilb3iOr0cCRqJInGwNMolqhS8A==",
        "dependencies": {
          "Microsoft.NETCore.Platforms": "1.1.0",
          "Microsoft.NETCore.Targets": "1.1.0",
          "System.Globalization": "4.3.0",
          "System.Reflection": "4.3.0",
          "System.Runtime": "4.3.0"
        }
      },
      "System.Runtime": {
        "type": "Transitive",
        "resolved": "4.3.0",
        "contentHash": "JufQi0vPQ0xGnAczR13AUFglDyVYt4Kqnz1AZaiKZ5+GICq0/1MH/mO/eAJHt/mHW1zjKBJd7kV26SrxddAhiw==",
        "dependencies": {
          "Microsoft.NETCore.Platforms": "1.1.0",
          "Microsoft.NETCore.Targets": "1.1.0"
        }
      },
      "System.Runtime.Extensions": {
        "type": "Transitive",
        "resolved": "4.3.0",
        "contentHash": "guW0uK0fn5fcJJ1tJVXYd7/1h5F+pea1r7FLSOz/f8vPEqbR2ZAknuRDvTQ8PzAilDveOxNjSfr0CHfIQfFk8g==",
        "dependencies": {
          "Microsoft.NETCore.Platforms": "1.1.0",
          "Microsoft.NETCore.Targets": "1.1.0",
          "System.Runtime": "4.3.0"
        }
      },
      "System.Runtime.Handles": {
        "type": "Transitive",
        "resolved": "4.3.0",
        "contentHash": "OKiSUN7DmTWeYb3l51A7EYaeNMnvxwE249YtZz7yooT4gOZhmTjIn48KgSsw2k2lYdLgTKNJw/ZIfSElwDRVgg==",
        "dependencies": {
          "Microsoft.NETCore.Platforms": "1.1.0",
          "Microsoft.NETCore.Targets": "1.1.0",
          "System.Runtime": "4.3.0"
        }
      },
      "System.Runtime.InteropServices": {
        "type": "Transitive",
        "resolved": "4.3.0",
        "contentHash": "uv1ynXqiMK8mp1GM3jDqPCFN66eJ5w5XNomaK2XD+TuCroNTLFGeZ+WCmBMcBDyTFKou3P6cR6J/QsaqDp7fGQ==",
        "dependencies": {
          "Microsoft.NETCore.Platforms": "1.1.0",
          "Microsoft.NETCore.Targets": "1.1.0",
          "System.Reflection": "4.3.0",
          "System.Reflection.Primitives": "4.3.0",
          "System.Runtime": "4.3.0",
          "System.Runtime.Handles": "4.3.0"
        }
      },
      "System.Runtime.InteropServices.RuntimeInformation": {
        "type": "Transitive",
        "resolved": "4.0.0",
        "contentHash": "hWPhJxc453RCa8Z29O91EmfGeZIHX1ZH2A8L6lYQVSaKzku2DfArSfMEb1/MYYzPQRJZeu0c9dmYeJKxW5Fgng==",
        "dependencies": {
          "Microsoft.NETCore.Platforms": "1.0.1",
          "System.Reflection": "4.1.0",
          "System.Resources.ResourceManager": "4.0.1",
          "System.Runtime": "4.1.0",
          "System.Runtime.InteropServices": "4.1.0",
          "System.Threading": "4.0.11",
          "runtime.native.System": "4.0.0"
        }
      },
      "System.Runtime.Loader": {
        "type": "Transitive",
        "resolved": "4.0.0",
        "contentHash": "4UN78GOVU/mbDFcXkEWtetJT/sJ0yic2gGk1HSlSpWI0TDf421xnrZTDZnwNBapk1GQeYN7U1lTj/aQB1by6ow==",
        "dependencies": {
          "System.IO": "4.1.0",
          "System.Reflection": "4.1.0",
          "System.Runtime": "4.1.0"
        }
      },
      "System.Runtime.Serialization.Json": {
        "type": "Transitive",
        "resolved": "4.0.2",
        "contentHash": "+7DIJhnKYgCzUgcLbVTtRQb2l1M0FP549XFlFkQM5lmNiUBl44AfNbx4bz61xA8PzLtlYwfmif4JJJW7MPPnjg==",
        "dependencies": {
          "System.IO": "4.1.0",
          "System.Private.DataContractSerialization": "4.1.1",
          "System.Runtime": "4.1.0"
        }
      },
      "System.Runtime.Serialization.Primitives": {
        "type": "Transitive",
        "resolved": "4.1.1",
        "contentHash": "HZ6Du5QrTG8MNJbf4e4qMO3JRAkIboGT5Fk804uZtg3Gq516S7hAqTm2UZKUHa7/6HUGdVy3AqMQKbns06G/cg==",
        "dependencies": {
          "System.Resources.ResourceManager": "4.0.1",
          "System.Runtime": "4.1.0"
        }
      },
      "System.Security.AccessControl": {
        "type": "Transitive",
        "resolved": "4.5.0",
        "contentHash": "vW8Eoq0TMyz5vAG/6ce483x/CP83fgm4SJe5P8Tb1tZaobcvPrbMEL7rhH1DRdrYbbb6F0vq3OlzmK0Pkwks5A==",
        "dependencies": {
          "Microsoft.NETCore.Platforms": "2.0.0",
          "System.Security.Principal.Windows": "4.5.0"
        }
      },
      "System.Security.Cryptography.ProtectedData": {
        "type": "Transitive",
        "resolved": "4.5.0",
        "contentHash": "wLBKzFnDCxP12VL9ANydSYhk59fC4cvOr9ypYQLPnAj48NQIhqnjdD2yhP8yEKyBJEjERWS9DisKL7rX5eU25Q=="
      },
      "System.Security.Permissions": {
        "type": "Transitive",
        "resolved": "4.5.0",
        "contentHash": "9gdyuARhUR7H+p5CjyUB/zPk7/Xut3wUSP8NJQB6iZr8L3XUXTMdoLeVAg9N4rqF8oIpE7MpdqHdDHQ7XgJe0g==",
        "dependencies": {
          "System.Security.AccessControl": "4.5.0"
        }
      },
      "System.Security.Principal.Windows": {
        "type": "Transitive",
        "resolved": "4.5.0",
        "contentHash": "U77HfRXlZlOeIXd//Yoj6Jnk8AXlbeisf1oq1os+hxOGVnuG+lGSfGqTwTZBoORFF6j/0q7HXIl8cqwQ9aUGqQ==",
        "dependencies": {
          "Microsoft.NETCore.Platforms": "2.0.0"
        }
      },
      "System.Text.Encoding": {
        "type": "Transitive",
        "resolved": "4.3.0",
        "contentHash": "BiIg+KWaSDOITze6jGQynxg64naAPtqGHBwDrLaCtixsa5bKiR8dpPOHA7ge3C0JJQizJE+sfkz1wV+BAKAYZw==",
        "dependencies": {
          "Microsoft.NETCore.Platforms": "1.1.0",
          "Microsoft.NETCore.Targets": "1.1.0",
          "System.Runtime": "4.3.0"
        }
      },
      "System.Text.Encoding.Extensions": {
        "type": "Transitive",
        "resolved": "4.3.0",
        "contentHash": "YVMK0Bt/A43RmwizJoZ22ei2nmrhobgeiYwFzC4YAN+nue8RF6djXDMog0UCn+brerQoYVyaS+ghy9P/MUVcmw==",
        "dependencies": {
          "Microsoft.NETCore.Platforms": "1.1.0",
          "Microsoft.NETCore.Targets": "1.1.0",
          "System.Runtime": "4.3.0",
          "System.Text.Encoding": "4.3.0"
        }
      },
      "System.Text.RegularExpressions": {
        "type": "Transitive",
        "resolved": "4.3.0",
        "contentHash": "RpT2DA+L660cBt1FssIE9CAGpLFdFPuheB7pLpKpn6ZXNby7jDERe8Ua/Ne2xGiwLVG2JOqziiaVCGDon5sKFA==",
        "dependencies": {
          "System.Runtime": "4.3.0"
        }
      },
      "System.Threading": {
        "type": "Transitive",
        "resolved": "4.3.0",
        "contentHash": "VkUS0kOBcUf3Wwm0TSbrevDDZ6BlM+b/HRiapRFWjM5O0NS0LviG0glKmFK+hhPDd1XFeSdU1GmlLhb2CoVpIw==",
        "dependencies": {
          "System.Runtime": "4.3.0",
          "System.Threading.Tasks": "4.3.0"
        }
      },
      "System.Threading.Tasks": {
        "type": "Transitive",
        "resolved": "4.3.0",
        "contentHash": "LbSxKEdOUhVe8BezB/9uOGGppt+nZf6e1VFyw6v3DN6lqitm0OSn2uXMOdtP0M3W4iMcqcivm2J6UgqiwwnXiA==",
        "dependencies": {
          "Microsoft.NETCore.Platforms": "1.1.0",
          "Microsoft.NETCore.Targets": "1.1.0",
          "System.Runtime": "4.3.0"
        }
      },
      "System.Threading.Tasks.Extensions": {
        "type": "Transitive",
        "resolved": "4.3.0",
        "contentHash": "npvJkVKl5rKXrtl1Kkm6OhOUaYGEiF9wFbppFRWSMoApKzt2PiPHT2Bb8a5sAWxprvdOAtvaARS9QYMznEUtug==",
        "dependencies": {
          "System.Collections": "4.3.0",
          "System.Runtime": "4.3.0",
          "System.Threading.Tasks": "4.3.0"
        }
      },
      "System.Threading.Thread": {
        "type": "Transitive",
        "resolved": "4.0.0",
        "contentHash": "gIdJqDXlOr5W9zeqFErLw3dsOsiShSCYtF9SEHitACycmvNvY8odf9kiKvp6V7aibc8C4HzzNBkWXjyfn7plbQ==",
        "dependencies": {
          "System.Runtime": "4.1.0"
        }
      },
      "System.Threading.ThreadPool": {
        "type": "Transitive",
        "resolved": "4.0.10",
        "contentHash": "IMXgB5Vf/5Qw1kpoVgJMOvUO1l32aC+qC3OaIZjWJOjvcxuxNWOK2ZTWWYXfij22NHxT2j1yWX5vlAeQWld9vA==",
        "dependencies": {
          "System.Runtime": "4.1.0",
          "System.Runtime.Handles": "4.0.1"
        }
      },
      "System.Xml.ReaderWriter": {
        "type": "Transitive",
        "resolved": "4.3.0",
        "contentHash": "GrprA+Z0RUXaR4N7/eW71j1rgMnEnEVlgii49GZyAjTH7uliMnrOU3HNFBr6fEDBCJCIdlVNq9hHbaDR621XBA==",
        "dependencies": {
          "System.Collections": "4.3.0",
          "System.Diagnostics.Debug": "4.3.0",
          "System.Globalization": "4.3.0",
          "System.IO": "4.3.0",
          "System.IO.FileSystem": "4.3.0",
          "System.IO.FileSystem.Primitives": "4.3.0",
          "System.Resources.ResourceManager": "4.3.0",
          "System.Runtime": "4.3.0",
          "System.Runtime.Extensions": "4.3.0",
          "System.Runtime.InteropServices": "4.3.0",
          "System.Text.Encoding": "4.3.0",
          "System.Text.Encoding.Extensions": "4.3.0",
          "System.Text.RegularExpressions": "4.3.0",
          "System.Threading.Tasks": "4.3.0",
          "System.Threading.Tasks.Extensions": "4.3.0"
        }
      },
      "System.Xml.XmlDocument": {
        "type": "Transitive",
        "resolved": "4.3.0",
        "contentHash": "lJ8AxvkX7GQxpC6GFCeBj8ThYVyQczx2+f/cWHJU8tjS7YfI6Cv6bon70jVEgs2CiFbmmM8b9j1oZVx0dSI2Ww==",
        "dependencies": {
          "System.Collections": "4.3.0",
          "System.Diagnostics.Debug": "4.3.0",
          "System.Globalization": "4.3.0",
          "System.IO": "4.3.0",
          "System.Resources.ResourceManager": "4.3.0",
          "System.Runtime": "4.3.0",
          "System.Runtime.Extensions": "4.3.0",
          "System.Text.Encoding": "4.3.0",
          "System.Threading": "4.3.0",
          "System.Xml.ReaderWriter": "4.3.0"
        }
      },
      "System.Xml.XmlSerializer": {
        "type": "Transitive",
        "resolved": "4.0.11",
        "contentHash": "FrazwwqfIXTfq23mfv4zH+BjqkSFNaNFBtjzu3I9NRmG8EELYyrv/fJnttCIwRMFRR/YKXF1hmsMmMEnl55HGw==",
        "dependencies": {
          "System.Collections": "4.0.11",
          "System.Globalization": "4.0.11",
          "System.IO": "4.1.0",
          "System.Linq": "4.1.0",
          "System.Reflection": "4.1.0",
          "System.Reflection.Emit": "4.0.1",
          "System.Reflection.Emit.ILGeneration": "4.0.1",
          "System.Reflection.Extensions": "4.0.1",
          "System.Reflection.Primitives": "4.0.1",
          "System.Reflection.TypeExtensions": "4.1.0",
          "System.Resources.ResourceManager": "4.0.1",
          "System.Runtime": "4.1.0",
          "System.Runtime.Extensions": "4.1.0",
          "System.Text.RegularExpressions": "4.1.0",
          "System.Threading": "4.0.11",
          "System.Xml.ReaderWriter": "4.0.11",
          "System.Xml.XmlDocument": "4.0.1"
        }
      },
      "System.Xml.XPath": {
        "type": "Transitive",
        "resolved": "4.0.1",
        "contentHash": "UWd1H+1IJ9Wlq5nognZ/XJdyj8qPE4XufBUkAW59ijsCPjZkZe0MUzKKJFBr+ZWBe5Wq1u1d5f2CYgE93uH7DA==",
        "dependencies": {
          "System.Collections": "4.0.11",
          "System.Diagnostics.Debug": "4.0.11",
          "System.Globalization": "4.0.11",
          "System.IO": "4.1.0",
          "System.Resources.ResourceManager": "4.0.1",
          "System.Runtime": "4.1.0",
          "System.Runtime.Extensions": "4.1.0",
          "System.Threading": "4.0.11",
          "System.Xml.ReaderWriter": "4.0.11"
        }
      },
      "System.Xml.XPath.XmlDocument": {
        "type": "Transitive",
        "resolved": "4.0.1",
        "contentHash": "Zm2BdeanuncYs3NhCj4c9e1x3EXFzFBVv2wPEc/Dj4ZbI9R8ecLSR5frAsx4zJCPBtKQreQ7Q/KxJEohJZbfzA==",
        "dependencies": {
          "System.Collections": "4.0.11",
          "System.Globalization": "4.0.11",
          "System.IO": "4.1.0",
          "System.Resources.ResourceManager": "4.0.1",
          "System.Runtime": "4.1.0",
          "System.Runtime.Extensions": "4.1.0",
          "System.Threading": "4.0.11",
          "System.Xml.ReaderWriter": "4.0.11",
          "System.Xml.XPath": "4.0.1",
          "System.Xml.XmlDocument": "4.0.1"
        }
      },
      "JudoPay.Net": {
        "type": "Project",
        "dependencies": {
          "FluentValidation": "[11.11.0, 11.11.0]",
          "Newtonsoft.Json": "[13.0.4, 13.0.4]",
          "log4net": "[2.0.17, 2.0.17]"
        }
      }
    }
  }
}